
Microsoft Visual Studio Solution File, Format Version 12.00
# Visual Studio Version 17
VisualStudioVersion = 17.13.35931.197 d17.13
MinimumVisualStudioVersion = 10.0.40219.1
Project("{FAE04EC0-301F-11D3-BF4B-00C04F79EFBC}") = "Task4", "Task4\Task4.csproj", "{AA6910F0-78B5-4998-9E2A-9ED5F6661DE9}"
EndProject
Global
	GlobalSection(SolutionConfigurationPlatforms) = preSolution
		Debug|Any CPU = Debug|Any CPU
		Release|Any CPU = Release|Any CPU
	EndGlobalSection
	GlobalSection(ProjectConfigurationPlatforms) = postSolution
		{AA6910F0-78B5-4998-9E2A-9ED5F6661DE9}.Debug|Any CPU.ActiveCfg = Debug|Any CPU
		{AA6910F0-78B5-4998-9E2A-9ED5F6661DE9}.Debug|Any CPU.Build.0 = Debug|Any CPU
		{AA6910F0-78B5-4998-9E2A-9ED5F6661DE9}.Release|Any CPU.ActiveCfg = Release|Any CPU
		{AA6910F0-78B5-4998-9E2A-9ED5F6661DE9}.Release|Any CPU.Build.0 = Release|Any CPU
	EndGlobalSection
	GlobalSection(SolutionProperties) = preSolution
		HideSolutionNode = FALSE
	EndGlobalSection
	GlobalSection(ExtensibilityGlobals) = postSolution
		SolutionGuid = {B28E728F-045B-4498-845B-62B3F8859D89}
	EndGlobalSection
EndGlobal
